
Microsoft Visual Studio Solution File, Format Version 12.00
# Visual Studio Version 16
VisualStudioVersion = 16.0.30804.86
MinimumVisualStudioVersion = 10.0.40219.1
Project("{FAE04EC0-301F-11D3-BF4B-00C04F79EFBC}") = "Hilos", "Hilos\Hilos.csproj", "{92230ED5-F69C-4D7B-B9E0-BE8F9FA8B4E1}"
EndProject
Global
	GlobalSection(SolutionConfigurationPlatforms) = preSolution
		Debug|Any CPU = Debug|Any CPU
		Release|Any CPU = Release|Any CPU
	EndGlobalSection
	GlobalSection(ProjectConfigurationPlatforms) = postSolution
		{92230ED5-F69C-4D7B-B9E0-BE8F9FA8B4E1}.Debug|Any CPU.ActiveCfg = Debug|Any CPU
		{92230ED5-F69C-4D7B-B9E0-BE8F9FA8B4E1}.Debug|Any CPU.Build.0 = Debug|Any CPU
		{92230ED5-F69C-4D7B-B9E0-BE8F9FA8B4E1}.Release|Any CPU.ActiveCfg = Release|Any CPU
		{92230ED5-F69C-4D7B-B9E0-BE8F9FA8B4E1}.Release|Any CPU.Build.0 = Release|Any CPU
	EndGlobalSection
	GlobalSection(SolutionProperties) = preSolution
		HideSolutionNode = FALSE
	EndGlobalSection
	GlobalSection(ExtensibilityGlobals) = postSolution
		SolutionGuid = {889B9BE0-1C5C-4E5A-A0E7-B47A1AE93040}
	EndGlobalSection
EndGlobal
